// !$*UTF8*$!
{
	archiveVersion = 1;
	classes = {
	};
	objectVersion = 46;
	objects = {

/* Begin PBXBuildFile section */
		3F899CDE2005313D00265B20 /* AppDelegate.swift in Sources */ = {isa = PBXBuildFile; fileRef = 3F899CDD2005313D00265B20 /* AppDelegate.swift */; };
		3F899CE02005313D00265B20 /* ViewController.swift in Sources */ = {isa = PBXBuildFile; fileRef = 3F899CDF2005313D00265B20 /* ViewController.swift */; };
		3F899CE32005313D00265B20 /* Main.storyboard in Resources */ = {isa = PBXBuildFile; fileRef = 3F899CE12005313D00265B20 /* Main.storyboard */; };
		3F899CE52005313D00265B20 /* Assets.xcassets in Resources */ = {isa = PBXBuildFile; fileRef = 3F899CE42005313D00265B20 /* Assets.xcassets */; };
		3F899CE82005313D00265B20 /* LaunchScreen.storyboard in Resources */ = {isa = PBXBuildFile; fileRef = 3F899CE62005313D00265B20 /* LaunchScreen.storyboard */; };
		3F899CF12005316900265B20 /* Car.swift in Sources */ = {isa = PBXBuildFile; fileRef = 3F899CEF2005316900265B20 /* Car.swift */; };
		3F899CF22005316900265B20 /* FetchInfo.swift in Sources */ = {isa = PBXBuildFile; fileRef = 3F899CF02005316900265B20 /* FetchInfo.swift */; };
		3F899CF42005318800265B20 /* background.jpg in Resources */ = {isa = PBXBuildFile; fileRef = 3F899CF32005318800265B20 /* background.jpg */; };
/* End PBXBuildFile section */

/* Begin PBXFileReference section */
		3F899CDA2005313D00265B20 /* vinvinvinvin.app */ = {isa = PBXFileReference; explicitFileType = wrapper.application; includeInIndex = 0; path = vinvinvinvin.app; sourceTree = BUILT_PRODUCTS_DIR; };
		3F899CDD2005313D00265B20 /* AppDelegate.swift */ = {isa = PBXFileReference; lastKnownFileType = sourcecode.swift; path = AppDelegate.swift; sourceTree = "<group>"; };
		3F899CDF2005313D00265B20 /* ViewController.swift */ = {isa = PBXFileReference; lastKnownFileType = sourcecode.swift; path = ViewController.swift; sourceTree = "<group>"; };
		3F899CE22005313D00265B20 /* Base */ = {isa = PBXFileReference; lastKnownFileType = file.storyboard; name = Base; path = Base.lproj/Main.storyboard; sourceTree = "<group>"; };
		3F899CE42005313D00265B20 /* Assets.xcassets */ = {isa = PBXFileReference; lastKnownFileType = folder.assetcatalog; path = Assets.xcassets; sourceTree = "<group>"; };
		3F899CE72005313D00265B20 /* Base */ = {isa = PBXFileReference; lastKnownFileType = file.storyboard; name = Base; path = Base.lproj/LaunchScreen.storyboard; sourceTree = "<group>"; };
		3F899CE92005313D00265B20 /* Info.plist */ = {isa = PBXFileReference; lastKnownFileType = text.plist.xml; path = Info.plist; sourceTree = "<group>"; };
		3F899CEF2005316900265B20 /* Car.swift */ = {isa = PBXFileReference; fileEncoding = 4; lastKnownFileType = sourcecode.swift; name = Car.swift; path = "../../drive-download-20180109T165209Z-001/VIN/Car.swift"; sourceTree = "<group>"; };
		3F899CF02005316900265B20 /* FetchInfo.swift */ = {isa = PBXFileReference; fileEncoding = 4; lastKnownFileType = sourcecode.swift; name = FetchInfo.swift; path = "../../drive-download-20180109T165209Z-001/VIN/FetchInfo.swift"; sourceTree = "<group>"; };
		3F899CF32005318800265B20 /* background.jpg */ = {isa = PBXFileReference; lastKnownFileType = image.jpeg; name = background.jpg; path = ../../../background.jpg; sourceTree = "<group>"; };
/* End PBXFileReference section */

/* Begin PBXFrameworksBuildPhase section */
		3F899CD72005313D00265B20 /* Frameworks */ = {
			isa = PBXFrameworksBuildPhase;
			buildActionMask = 2147483647;
			files = (
			);
			runOnlyForDeploymentPostprocessing = 0;
		};
/* End PBXFrameworksBuildPhase section */

/* Begin PBXGroup section */
		3F899CD12005313D00265B20 = {
			isa = PBXGroup;
			children = (
				3F899CEF2005316900265B20 /* Car.swift */,
				3F899CF02005316900265B20 /* FetchInfo.swift */,
				3F899CDC2005313D00265B20 /* vinvinvinvin */,
				3F899CDB2005313D00265B20 /* Products */,
			);
			sourceTree = "<group>";
		};
		3F899CDB2005313D00265B20 /* Products */ = {
			isa = PBXGroup;
			children = (
				3F899CDA2005313D00265B20 /* vinvinvinvin.app */,
			);
			name = Products;
			sourceTree = "<group>";
		};
		3F899CDC2005313D00265B20 /* vinvinvinvin */ = {
			isa = PBXGroup;
			children = (
				3F899CF32005318800265B20 /* background.jpg */,
				3F899CDD2005313D00265B20 /* AppDelegate.swift */,
				3F899CDF2005313D00265B20 /* ViewController.swift */,
				3F899CE12005313D00265B20 /* Main.storyboard */,
				3F899CE42005313D00265B20 /* Assets.xcassets */,
				3F899CE62005313D00265B20 /* LaunchScreen.storyboard */,
				3F899CE92005313D00265B20 /* Info.plist */,
			);
			path = vinvinvinvin;
			sourceTree = "<group>";
		};
/* End PBXGroup section */

/* Begin PBXNativeTarget section */
		3F899CD92005313D00265B20 /* vinvinvinvin */ = {
			isa = PBXNativeTarget;
			buildConfigurationList = 3F899CEC2005313D00265B20 /* Build configuration list for PBXNativeTarget "vinvinvinvin" */;
			buildPhases = (
				3F899CD62005313D00265B20 /* Sources */,
				3F899CD72005313D00265B20 /* Frameworks */,
				3F899CD82005313D00265B20 /* Resources */,
			);
			buildRules = (
			);
			dependencies = (
			);
			name = vinvinvinvin;
			productName = vinvinvinvin;
			productReference = 3F899CDA2005313D00265B20 /* vinvinvinvin.app */;
			productType = "com.apple.product-type.application";
		};
/* End PBXNativeTarget section */

/* Begin PBXProject section */
		3F899CD22005313D00265B20 /* Project object */ = {
			isa = PBXProject;
			attributes = {
				LastSwiftUpdateCheck = 0720;
				LastUpgradeCheck = 0720;
				ORGANIZATIONNAME = com;
				TargetAttributes = {
					3F899CD92005313D00265B20 = {
						CreatedOnToolsVersion = 7.2;
					};
				};
			};
			buildConfigurationList = 3F899CD52005313D00265B20 /* Build configuration list for PBXProject "vinvinvinvin" */;
			compatibilityVersion = "Xcode 3.2";
			developmentRegion = English;
			hasScannedForEncodings = 0;
			knownRegions = (
				en,
				Base,
			);
			mainGroup = 3F899CD12005313D00265B20;
			productRefGroup = 3F899CDB2005313D00265B20 /* Products */;
			projectDirPath = "";
			projectRoot = "";
			targets = (
				3F899CD92005313D00265B20 /* vinvinvinvin */,
			);
		};
/* End PBXProject section */

/* Begin PBXResourcesBuildPhase section */
		3F899CD82005313D00265B20 /* Resources */ = {
			isa = PBXResourcesBuildPhase;
			buildActionMask = 2147483647;
			files = (
				3F899CE82005313D00265B20 /* LaunchScreen.storyboard in Resources */,
				3F899CF42005318800265B20 /* background.jpg in Resources */,
				3F899CE52005313D00265B20 /* Assets.xcassets in Resources */,
				3F899CE32005313D00265B20 /* Main.storyboard in Resources */,
			);
			runOnlyForDeploymentPostprocessing = 0;
		};
/* End PBXResourcesBuildPhase section */

/* Begin PBXSourcesBuildPhase section */
		3F899CD62005313D00265B20 /* Sources */ = {
			isa = PBXSourcesBuildPhase;
			buildActionMask = 2147483647;
			files = (
				3F899CF22005316900265B20 /* FetchInfo.swift in Sources */,
				3F899CE02005313D00265B20 /* ViewController.swift in Sources */,
				3F899CDE2005313D00265B20 /* AppDelegate.swift in Sources */,
				3F899CF12005316900265B20 /* Car.swift in Sources */,
			);
			runOnlyForDeploymentPostprocessing = 0;
		};
/* End PBXSourcesBuildPhase section */

/* Begin PBXVariantGroup section */
		3F899CE12005313D00265B20 /* Main.storyboard */ = {
			isa = PBXVariantGroup;
			children = (
				3F899CE22005313D00265B20 /* Base */,
			);
			name = Main.storyboard;
			sourceTree = "<group>";
		};
		3F899CE62005313D00265B20 /* LaunchScreen.storyboard */ = {
			isa = PBXVariantGroup;
			children = (
				3F899CE72005313D00265B20 /* Base */,
			);
			name = LaunchScreen.storyboard;
			sourceTree = "<group>";
		};
/* End PBXVariantGroup section */

/* Begin XCBuildConfiguration section */
		3F899CEA2005313D00265B20 /* Debug */ = {
			isa = XCBuildConfiguration;
			buildSettings = {
				ALWAYS_SEARCH_USER_PATHS = NO;
				CLANG_CXX_LANGUAGE_STANDARD = "gnu++0x";
				CLANG_CXX_LIBRARY = "libc++";
				CLANG_ENABLE_MODULES = YES;
				CLANG_ENABLE_OBJC_ARC = YES;
				CLANG_WARN_BOOL_CONVERSION = YES;
				CLANG_WARN_CONSTANT_CONVERSION = YES;
				CLANG_WARN_DIRECT_OBJC_ISA_USAGE = YES_ERROR;
				CLANG_WARN_EMPTY_BODY = YES;
				CLANG_WARN_ENUM_CONVERSION = YES;
				CLANG_WARN_INT_CONVERSION = YES;
				CLANG_WARN_OBJC_ROOT_CLASS = YES_ERROR;
				CLANG_WARN_UNREACHABLE_CODE = YES;
				CLANG_WARN__DUPLICATE_METHOD_MATCH = YES;
				"CODE_SIGN_IDENTITY[sdk=iphoneos*]" = "iPhone Developer";
				COPY_PHASE_STRIP = NO;
				DEBUG_INFORMATION_FORMAT = dwarf;
				ENABLE_STRICT_OBJC_MSGSEND = YES;
				ENABLE_TESTABILITY = YES;
				GCC_C_LANGUAGE_STANDARD = gnu99;
				GCC_DYNAMIC_NO_PIC = NO;
				GCC_NO_COMMON_BLOCKS = YES;
				GCC_OPTIMIZATION_LEVEL = 0;
				GCC_PREPROCESSOR_DEFINITIONS = (
					"DEBUG=1",
					"$(inherited)",
				);
				GCC_WARN_64_TO_32_BIT_CONVERSION = YES;
				GCC_WARN_ABOUT_RETURN_TYPE = YES_ERROR;
				GCC_WARN_UNDECLARED_SELECTOR = YES;
				GCC_WARN_UNINITIALIZED_AUTOS = YES_AGGRESSIVE;
				GCC_WARN_UNUSED_FUNCTION = YES;
				GCC_WARN_UNUSED_VARIABLE = YES;
				IPHONEOS_DEPLOYMENT_TARGET = 9.2;
				MTL_ENABLE_DEBUG_INFO = YES;
				ONLY_ACTIVE_ARCH = YES;
				SDKROOT = iphoneos;
				SWIFT_OPTIMIZATION_LEVEL = "-Onone";
			};
			name = Debug;
		};
		3F899CEB2005313D00265B20 /* Release */ = {
			isa = XCBuildConfiguration;
			buildSettings = {
				ALWAYS_SEARCH_USER_PATHS = NO;
				CLANG_CXX_LANGUAGE_STANDARD = "gnu++0x";
				CLANG_CXX_LIBRARY = "libc++";
				CLANG_ENABLE_MODULES = YES;
				CLANG_ENABLE_OBJC_ARC = YES;
				CLANG_WARN_BOOL_CONVERSION = YES;
				CLANG_WARN_CONSTANT_CONVERSION = YES;
				CLANG_WARN_DIRECT_OBJC_ISA_USAGE = YES_ERROR;
				CLANG_WARN_EMPTY_BODY = YES;
				CLANG_WARN_ENUM_CONVERSION = YES;
				CLANG_WARN_INT_CONVERSION = YES;
				CLANG_WARN_OBJC_ROOT_CLASS = YES_ERROR;
				CLANG_WARN_UNREACHABLE_CODE = YES;
				CLANG_WARN__DUPLICATE_METHOD_MATCH = YES;
				"CODE_SIGN_IDENTITY[sdk=iphoneos*]" = "iPhone Developer";
				COPY_PHASE_STRIP = NO;
				DEBUG_INFORMATION_FORMAT = "dwarf-with-dsym";
				ENABLE_NS_ASSERTIONS = NO;
				ENABLE_STRICT_OBJC_MSGSEND = YES;
				GCC_C_LANGUAGE_STANDARD = gnu99;
				GCC_NO_COMMON_BLOCKS = YES;
				GCC_WARN_64_TO_32_BIT_CONVERSION = YES;
				GCC_WARN_ABOUT_RETURN_TYPE = YES_ERROR;
				GCC_WARN_UNDECLARED_SELECTOR = YES;
				GCC_WARN_UNINITIALIZED_AUTOS = YES_AGGRESSIVE;
				GCC_WARN_UNUSED_FUNCTION = YES;
				GCC_WARN_UNUSED_VARIABLE = YES;
				IPHONEOS_DEPLOYMENT_TARGET = 9.2;
				MTL_ENABLE_DEBUG_INFO = NO;
				SDKROOT = iphoneos;
				VALIDATE_PRODUCT = YES;
			};
			name = Release;
		};
		3F899CED2005313D00265B20 /* Debug */ = {
			isa = XCBuildConfiguration;
			buildSettings = {
				ASSETCATALOG_COMPILER_APPICON_NAME = AppIcon;
				INFOPLIST_FILE = vinvinvinvin/Info.plist;
				LD_RUNPATH_SEARCH_PATHS = "$(inherited) @executable_path/Frameworks";
				PRODUCT_BUNDLE_IDENTIFIER = com.vinvinvinvin;
				PRODUCT_NAME = "$(TARGET_NAME)";
			};
			name = Debug;
		};
		3F899CEE2005313D00265B20 /* Release */ = {
			isa = XCBuildConfiguration;
			buildSettings = {
				ASSETCATALOG_COMPILER_APPICON_NAME = AppIcon;
				INFOPLIST_FILE = vinvinvinvin/Info.plist;
				LD_RUNPATH_SEARCH_PATHS = "$(inherited) @executable_path/Frameworks";
				PRODUCT_BUNDLE_IDENTIFIER = com.vinvinvinvin;
				PRODUCT_NAME = "$(TARGET_NAME)";
			};
			name = Release;
		};
/* End XCBuildConfiguration section */

/* Begin XCConfigurationList section */
		3F899CD52005313D00265B20 /* Build configuration list for PBXProject "vinvinvinvin" */ = {
			isa = XCConfigurationList;
			buildConfigurations = (
				3F899CEA2005313D00265B20 /* Debug */,
				3F899CEB2005313D00265B20 /* Release */,
			);
			defaultConfigurationIsVisible = 0;
			defaultConfigurationName = Release;
		};
		3F899CEC2005313D00265B20 /* Build configuration list for PBXNativeTarget "vinvinvinvin" */ = {
			isa = XCConfigurationList;
			buildConfigurations = (
				3F899CED2005313D00265B20 /* Debug */,
				3F899CEE2005313D00265B20 /* Release */,
			);
			defaultConfigurationIsVisible = 0;
		};
/* End XCConfigurationList section */
	};
	rootObject = 3F899CD22005313D00265B20 /* Project object */;
}
